// !$*UTF8*$!
{
	archiveVersion = 1;
	classes = {
	};
	objectVersion = 46;
	objects = {

/* Begin PBXBuildFile section */
		B28535FA1F2A33FA00BED7BB /* AppDelegate.swift in Sources */ = {isa = PBXBuildFile; fileRef = B28535F91F2A33FA00BED7BB /* AppDelegate.swift */; };
		B28535FC1F2A33FA00BED7BB /* ViewController.swift in Sources */ = {isa = PBXBuildFile; fileRef = B28535FB1F2A33FA00BED7BB /* ViewController.swift */; };
		B28535FF1F2A33FA00BED7BB /* Main.storyboard in Resources */ = {isa = PBXBuildFile; fileRef = B28535FD1F2A33FA00BED7BB /* Main.storyboard */; };
		B28536011F2A33FA00BED7BB /* Assets.xcassets in Resources */ = {isa = PBXBuildFile; fileRef = B28536001F2A33FA00BED7BB /* Assets.xcassets */; };
		B28536041F2A33FA00BED7BB /* LaunchScreen.storyboard in Resources */ = {isa = PBXBuildFile; fileRef = B28536021F2A33FA00BED7BB /* LaunchScreen.storyboard */; };
		B285360C1F2A3AB600BED7BB /* 14315211077656.jpg in Resources */ = {isa = PBXBuildFile; fileRef = B285360B1F2A3AB600BED7BB /* 14315211077656.jpg */; };
/* End PBXBuildFile section */

/* Begin PBXFileReference section */
		B28535F61F2A33FA00BED7BB /* AnotationOnMap.app */ = {isa = PBXFileReference; explicitFileType = wrapper.application; includeInIndex = 0; path = AnotationOnMap.app; sourceTree = BUILT_PRODUCTS_DIR; };
		B28535F91F2A33FA00BED7BB /* AppDelegate.swift */ = {isa = PBXFileReference; lastKnownFileType = sourcecode.swift; path = AppDelegate.swift; sourceTree = "<group>"; };
		B28535FB1F2A33FA00BED7BB /* ViewController.swift */ = {isa = PBXFileReference; lastKnownFileType = sourcecode.swift; path = ViewController.swift; sourceTree = "<group>"; };
		B28535FE1F2A33FA00BED7BB /* Base */ = {isa = PBXFileReference; lastKnownFileType = file.storyboard; name = Base; path = Base.lproj/Main.storyboard; sourceTree = "<group>"; };
		B28536001F2A33FA00BED7BB /* Assets.xcassets */ = {isa = PBXFileReference; lastKnownFileType = folder.assetcatalog; path = Assets.xcassets; sourceTree = "<group>"; };
		B28536031F2A33FA00BED7BB /* Base */ = {isa = PBXFileReference; lastKnownFileType = file.storyboard; name = Base; path = Base.lproj/LaunchScreen.storyboard; sourceTree = "<group>"; };
		B28536051F2A33FA00BED7BB /* Info.plist */ = {isa = PBXFileReference; lastKnownFileType = text.plist.xml; path = Info.plist; sourceTree = "<group>"; };
		B285360B1F2A3AB600BED7BB /* 14315211077656.jpg */ = {isa = PBXFileReference; lastKnownFileType = image.jpeg; path = 14315211077656.jpg; sourceTree = "<group>"; };
/* End PBXFileReference section */

/* Begin PBXFrameworksBuildPhase section */
		B28535F31F2A33FA00BED7BB /* Frameworks */ = {
			isa = PBXFrameworksBuildPhase;
			buildActionMask = 2147483647;
			files = (
			);
			runOnlyForDeploymentPostprocessing = 0;
		};
/* End PBXFrameworksBuildPhase section */

/* Begin PBXGroup section */
		B28535ED1F2A33F900BED7BB = {
			isa = PBXGroup;
			children = (
				B28535F81F2A33FA00BED7BB /* AnotationOnMap */,
				B28535F71F2A33FA00BED7BB /* Products */,
			);
			sourceTree = "<group>";
		};
		B28535F71F2A33FA00BED7BB /* Products */ = {
			isa = PBXGroup;
			children = (
				B28535F61F2A33FA00BED7BB /* AnotationOnMap.app */,
			);
			name = Products;
			sourceTree = "<group>";
		};
		B28535F81F2A33FA00BED7BB /* AnotationOnMap */ = {
			isa = PBXGroup;
			children = (
				B28535F91F2A33FA00BED7BB /* AppDelegate.swift */,
				B28535FB1F2A33FA00BED7BB /* ViewController.swift */,
				B28535FD1F2A33FA00BED7BB /* Main.storyboard */,
				B28536001F2A33FA00BED7BB /* Assets.xcassets */,
				B28536021F2A33FA00BED7BB /* LaunchScreen.storyboard */,
				B28536051F2A33FA00BED7BB /* Info.plist */,
				B285360B1F2A3AB600BED7BB /* 14315211077656.jpg */,
			);
			path = AnotationOnMap;
			sourceTree = "<group>";
		};
/* End PBXGroup section */

/* Begin PBXNativeTarget section */
		B28535F51F2A33FA00BED7BB /* AnotationOnMap */ = {
			isa = PBXNativeTarget;
			buildConfigurationList = B28536081F2A33FA00BED7BB /* Build configuration list for PBXNativeTarget "AnotationOnMap" */;
			buildPhases = (
				B28535F21F2A33FA00BED7BB /* Sources */,
				B28535F31F2A33FA00BED7BB /* Frameworks */,
				B28535F41F2A33FA00BED7BB /* Resources */,
			);
			buildRules = (
			);
			dependencies = (
			);
			name = AnotationOnMap;
			productName = AnotationOnMap;
			productReference = B28535F61F2A33FA00BED7BB /* AnotationOnMap.app */;
			productType = "com.apple.product-type.application";
		};
/* End PBXNativeTarget section */

/* Begin PBXProject section */
		B28535EE1F2A33F900BED7BB /* Project object */ = {
			isa = PBXProject;
			attributes = {
				LastSwiftUpdateCheck = 0820;
				LastUpgradeCheck = 0820;
				ORGANIZATIONNAME = AndreOsip;
				TargetAttributes = {
					B28535F51F2A33FA00BED7BB = {
						CreatedOnToolsVersion = 8.2.1;
						ProvisioningStyle = Automatic;
					};
				};
			};
			buildConfigurationList = B28535F11F2A33F900BED7BB /* Build configuration list for PBXProject "AnotationOnMap" */;
			compatibilityVersion = "Xcode 3.2";
			developmentRegion = English;
			hasScannedForEncodings = 0;
			knownRegions = (
				en,
				Base,
			);
			mainGroup = B28535ED1F2A33F900BED7BB;
			productRefGroup = B28535F71F2A33FA00BED7BB /* Products */;
			projectDirPath = "";
			projectRoot = "";
			targets = (
				B28535F51F2A33FA00BED7BB /* AnotationOnMap */,
			);
		};
/* End PBXProject section */

/* Begin PBXResourcesBuildPhase section */
		B28535F41F2A33FA00BED7BB /* Resources */ = {
			isa = PBXResourcesBuildPhase;
			buildActionMask = 2147483647;
			files = (
				B28536041F2A33FA00BED7BB /* LaunchScreen.storyboard in Resources */,
				B28536011F2A33FA00BED7BB /* Assets.xcassets in Resources */,
				B285360C1F2A3AB600BED7BB /* 14315211077656.jpg in Resources */,
				B28535FF1F2A33FA00BED7BB /* Main.storyboard in Resources */,
			);
			runOnlyForDeploymentPostprocessing = 0;
		};
/* End PBXResourcesBuildPhase section */

/* Begin PBXSourcesBuildPhase section */
		B28535F21F2A33FA00BED7BB /* Sources */ = {
			isa = PBXSourcesBuildPhase;
			buildActionMask = 2147483647;
			files = (
				B28535FC1F2A33FA00BED7BB /* ViewController.swift in Sources */,
				B28535FA1F2A33FA00BED7BB /* AppDelegate.swift in Sources */,
			);
			runOnlyForDeploymentPostprocessing = 0;
		};
/* End PBXSourcesBuildPhase section */

/* Begin PBXVariantGroup section */
		B28535FD1F2A33FA00BED7BB /* Main.storyboard */ = {
			isa = PBXVariantGroup;
			children = (
				B28535FE1F2A33FA00BED7BB /* Base */,
			);
			name = Main.storyboard;
			sourceTree = "<group>";
		};
		B28536021F2A33FA00BED7BB /* LaunchScreen.storyboard */ = {
			isa = PBXVariantGroup;
			children = (
				B28536031F2A33FA00BED7BB /* Base */,
			);
			name = LaunchScreen.storyboard;
			sourceTree = "<group>";
		};
/* End PBXVariantGroup section */

/* Begin XCBuildConfiguration section */
		B28536061F2A33FA00BED7BB /* Debug */ = {
			isa = XCBuildConfiguration;
			buildSettings = {
				ALWAYS_SEARCH_USER_PATHS = NO;
				CLANG_ANALYZER_NONNULL = YES;
				CLANG_CXX_LANGUAGE_STANDARD = "gnu++0x";
				CLANG_CXX_LIBRARY = "libc++";
				CLANG_ENABLE_MODULES = YES;
				CLANG_ENABLE_OBJC_ARC = YES;
				CLANG_WARN_BOOL_CONVERSION = YES;
				CLANG_WARN_CONSTANT_CONVERSION = YES;
				CLANG_WARN_DIRECT_OBJC_ISA_USAGE = YES_ERROR;
				CLANG_WARN_DOCUMENTATION_COMMENTS = YES;
				CLANG_WARN_EMPTY_BODY = YES;
				CLANG_WARN_ENUM_CONVERSION = YES;
				CLANG_WARN_INFINITE_RECURSION = YES;
				CLANG_WARN_INT_CONVERSION = YES;
				CLANG_WARN_OBJC_ROOT_CLASS = YES_ERROR;
				CLANG_WARN_SUSPICIOUS_MOVE = YES;
				CLANG_WARN_UNREACHABLE_CODE = YES;
				CLANG_WARN__DUPLICATE_METHOD_MATCH = YES;
				"CODE_SIGN_IDENTITY[sdk=iphoneos*]" = "iPhone Developer";
				COPY_PHASE_STRIP = NO;
				DEBUG_INFORMATION_FORMAT = dwarf;
				ENABLE_STRICT_OBJC_MSGSEND = YES;
				ENABLE_TESTABILITY = YES;
				GCC_C_LANGUAGE_STANDARD = gnu99;
				GCC_DYNAMIC_NO_PIC = NO;
				GCC_NO_COMMON_BLOCKS = YES;
				GCC_OPTIMIZATION_LEVEL = 0;
				GCC_PREPROCESSOR_DEFINITIONS = (
					"DEBUG=1",
					"$(inherited)",
				);
				GCC_WARN_64_TO_32_BIT_CONVERSION = YES;
				GCC_WARN_ABOUT_RETURN_TYPE = YES_ERROR;
				GCC_WARN_UNDECLARED_SELECTOR = YES;
				GCC_WARN_UNINITIALIZED_AUTOS = YES_AGGRESSIVE;
				GCC_WARN_UNUSED_FUNCTION = YES;
				GCC_WARN_UNUSED_VARIABLE = YES;
				IPHONEOS_DEPLOYMENT_TARGET = 10.2;
				MTL_ENABLE_DEBUG_INFO = YES;
				ONLY_ACTIVE_ARCH = YES;
				SDKROOT = iphoneos;
				SWIFT_ACTIVE_COMPILATION_CONDITIONS = DEBUG;
				SWIFT_OPTIMIZATION_LEVEL = "-Onone";
				TARGETED_DEVICE_FAMILY = "1,2";
			};
			name = Debug;
		};
		B28536071F2A33FA00BED7BB /* Release */ = {
			isa = XCBuildConfiguration;
			buildSettings = {
				ALWAYS_SEARCH_USER_PATHS = NO;
				CLANG_ANALYZER_NONNULL = YES;
				CLANG_CXX_LANGUAGE_STANDARD = "gnu++0x";
				CLANG_CXX_LIBRARY = "libc++";
				CLANG_ENABLE_MODULES = YES;
				CLANG_ENABLE_OBJC_ARC = YES;
				CLANG_WARN_BOOL_CONVERSION = YES;
				CLANG_WARN_CONSTANT_CONVERSION = YES;
				CLANG_WARN_DIRECT_OBJC_ISA_USAGE = YES_ERROR;
				CLANG_WARN_DOCUMENTATION_COMMENTS = YES;
				CLANG_WARN_EMPTY_BODY = YES;
				CLANG_WARN_ENUM_CONVERSION = YES;
				CLANG_WARN_INFINITE_RECURSION = YES;
				CLANG_WARN_INT_CONVERSION = YES;
				CLANG_WARN_OBJC_ROOT_CLASS = YES_ERROR;
				CLANG_WARN_SUSPICIOUS_MOVE = YES;
				CLANG_WARN_UNREACHABLE_CODE = YES;
				CLANG_WARN__DUPLICATE_METHOD_MATCH = YES;
				"CODE_SIGN_IDENTITY[sdk=iphoneos*]" = "iPhone Developer";
				COPY_PHASE_STRIP = NO;
				DEBUG_INFORMATION_FORMAT = "dwarf-with-dsym";
				ENABLE_NS_ASSERTIONS = NO;
				ENABLE_STRICT_OBJC_MSGSEND = YES;
				GCC_C_LANGUAGE_STANDARD = gnu99;
				GCC_NO_COMMON_BLOCKS = YES;
				GCC_WARN_64_TO_32_BIT_CONVERSION = YES;
				GCC_WARN_ABOUT_RETURN_TYPE = YES_ERROR;
				GCC_WARN_UNDECLARED_SELECTOR = YES;
				GCC_WARN_UNINITIALIZED_AUTOS = YES_AGGRESSIVE;
				GCC_WARN_UNUSED_FUNCTION = YES;
				GCC_WARN_UNUSED_VARIABLE = YES;
				IPHONEOS_DEPLOYMENT_TARGET = 10.2;
				MTL_ENABLE_DEBUG_INFO = NO;
				SDKROOT = iphoneos;
				SWIFT_OPTIMIZATION_LEVEL = "-Owholemodule";
				TARGETED_DEVICE_FAMILY = "1,2";
				VALIDATE_PRODUCT = YES;
			};
			name = Release;
		};
		B28536091F2A33FA00BED7BB /* Debug */ = {
			isa = XCBuildConfiguration;
			buildSettings = {
				ASSETCATALOG_COMPILER_APPICON_NAME = AppIcon;
				INFOPLIST_FILE = AnotationOnMap/Info.plist;
				LD_RUNPATH_SEARCH_PATHS = "$(inherited) @executable_path/Frameworks";
				PRODUCT_BUNDLE_IDENTIFIER = SoftServe.AnotationOnMap;
				PRODUCT_NAME = "$(TARGET_NAME)";
				SWIFT_VERSION = 3.0;
			};
			name = Debug;
		};
		B285360A1F2A33FA00BED7BB /* Release */ = {
			isa = XCBuildConfiguration;
			buildSettings = {
				ASSETCATALOG_COMPILER_APPICON_NAME = AppIcon;
				INFOPLIST_FILE = AnotationOnMap/Info.plist;
				LD_RUNPATH_SEARCH_PATHS = "$(inherited) @executable_path/Frameworks";
				PRODUCT_BUNDLE_IDENTIFIER = SoftServe.AnotationOnMap;
				PRODUCT_NAME = "$(TARGET_NAME)";
				SWIFT_VERSION = 3.0;
			};
			name = Release;
		};
/* End XCBuildConfiguration section */

/* Begin XCConfigurationList section */
		B28535F11F2A33F900BED7BB /* Build configuration list for PBXProject "AnotationOnMap" */ = {
			isa = XCConfigurationList;
			buildConfigurations = (
				B28536061F2A33FA00BED7BB /* Debug */,
				B28536071F2A33FA00BED7BB /* Release */,
			);
			defaultConfigurationIsVisible = 0;
			defaultConfigurationName = Release;
		};
		B28536081F2A33FA00BED7BB /* Build configuration list for PBXNativeTarget "AnotationOnMap" */ = {
			isa = XCConfigurationList;
			buildConfigurations = (
				B28536091F2A33FA00BED7BB /* Debug */,
				B285360A1F2A33FA00BED7BB /* Release */,
			);
			defaultConfigurationIsVisible = 0;
		};
/* End XCConfigurationList section */
	};
	rootObject = B28535EE1F2A33F900BED7BB /* Project object */;
}
